// !$*UTF8*$!
{
	archiveVersion = 1;
	classes = {
	};
	objectVersion = 77;
	objects = {

/* Begin PBXBuildFile section */
		8299912B2EF290A800D2A54E /* whisper in Frameworks */ = {isa = PBXBuildFile; productRef = 8299912A2EF290A800D2A54E /* whisper */; };
		829991532EF29FD700D2A54E /* ffmpegkit.xcframework in Frameworks */ = {isa = PBXBuildFile; fileRef = 829991432EF29FB400D2A54E /* ffmpegkit.xcframework */; };
		829991542EF29FD700D2A54E /* ffmpegkit.xcframework in Embed Frameworks */ = {isa = PBXBuildFile; fileRef = 829991432EF29FB400D2A54E /* ffmpegkit.xcframework */; settings = {ATTRIBUTES = (CodeSignOnCopy, RemoveHeadersOnCopy, ); }; };
		829991562EF29FD800D2A54E /* libavcodec.xcframework in Frameworks */ = {isa = PBXBuildFile; fileRef = 829991442EF29FB400D2A54E /* libavcodec.xcframework */; };
		829991572EF29FD800D2A54E /* libavcodec.xcframework in Embed Frameworks */ = {isa = PBXBuildFile; fileRef = 829991442EF29FB400D2A54E /* libavcodec.xcframework */; settings = {ATTRIBUTES = (CodeSignOnCopy, RemoveHeadersOnCopy, ); }; };
		829991582EF29FDA00D2A54E /* libavdevice.xcframework in Frameworks */ = {isa = PBXBuildFile; fileRef = 829991452EF29FB400D2A54E /* libavdevice.xcframework */; };
		829991592EF29FDA00D2A54E /* libavdevice.xcframework in Embed Frameworks */ = {isa = PBXBuildFile; fileRef = 829991452EF29FB400D2A54E /* libavdevice.xcframework */; settings = {ATTRIBUTES = (CodeSignOnCopy, RemoveHeadersOnCopy, ); }; };
		8299915A2EF29FDB00D2A54E /* libavfilter.xcframework in Frameworks */ = {isa = PBXBuildFile; fileRef = 829991462EF29FB400D2A54E /* libavfilter.xcframework */; };
		8299915B2EF29FDB00D2A54E /* libavfilter.xcframework in Embed Frameworks */ = {isa = PBXBuildFile; fileRef = 829991462EF29FB400D2A54E /* libavfilter.xcframework */; settings = {ATTRIBUTES = (CodeSignOnCopy, RemoveHeadersOnCopy, ); }; };
		8299915C2EF29FDD00D2A54E /* libavformat.xcframework in Frameworks */ = {isa = PBXBuildFile; fileRef = 829991472EF29FB400D2A54E /* libavformat.xcframework */; };
		8299915D2EF29FDD00D2A54E /* libavformat.xcframework in Embed Frameworks */ = {isa = PBXBuildFile; fileRef = 829991472EF29FB400D2A54E /* libavformat.xcframework */; settings = {ATTRIBUTES = (CodeSignOnCopy, RemoveHeadersOnCopy, ); }; };
		8299915E2EF29FDE00D2A54E /* libavutil.xcframework in Frameworks */ = {isa = PBXBuildFile; fileRef = 829991482EF29FB400D2A54E /* libavutil.xcframework */; };
		8299915F2EF29FDE00D2A54E /* libavutil.xcframework in Embed Frameworks */ = {isa = PBXBuildFile; fileRef = 829991482EF29FB400D2A54E /* libavutil.xcframework */; settings = {ATTRIBUTES = (CodeSignOnCopy, RemoveHeadersOnCopy, ); }; };
		829991602EF29FE000D2A54E /* libswresample.xcframework in Frameworks */ = {isa = PBXBuildFile; fileRef = 829991492EF29FB400D2A54E /* libswresample.xcframework */; };
		829991612EF29FE000D2A54E /* libswresample.xcframework in Embed Frameworks */ = {isa = PBXBuildFile; fileRef = 829991492EF29FB400D2A54E /* libswresample.xcframework */; settings = {ATTRIBUTES = (CodeSignOnCopy, RemoveHeadersOnCopy, ); }; };
		829991622EF29FE100D2A54E /* libswscale.xcframework in Frameworks */ = {isa = PBXBuildFile; fileRef = 8299914A2EF29FB400D2A54E /* libswscale.xcframework */; };
		829991632EF29FE100D2A54E /* libswscale.xcframework in Embed Frameworks */ = {isa = PBXBuildFile; fileRef = 8299914A2EF29FB400D2A54E /* libswscale.xcframework */; settings = {ATTRIBUTES = (CodeSignOnCopy, RemoveHeadersOnCopy, ); }; };
/* End PBXBuildFile section */

/* Begin PBXContainerItemProxy section */
		829991022EF28DBE00D2A54E /* PBXContainerItemProxy */ = {
			isa = PBXContainerItemProxy;
			containerPortal = 829990EC2EF28DBB00D2A54E /* Project object */;
			proxyType = 1;
			remoteGlobalIDString = 829990F32EF28DBC00D2A54E;
			remoteInfo = PocketWhisper;
		};
		8299910C2EF28DBE00D2A54E /* PBXContainerItemProxy */ = {
			isa = PBXContainerItemProxy;
			containerPortal = 829990EC2EF28DBB00D2A54E /* Project object */;
			proxyType = 1;
			remoteGlobalIDString = 829990F32EF28DBC00D2A54E;
			remoteInfo = PocketWhisper;
		};
/* End PBXContainerItemProxy section */

/* Begin PBXCopyFilesBuildPhase section */
		829991552EF29FD700D2A54E /* Embed Frameworks */ = {
			isa = PBXCopyFilesBuildPhase;
			buildActionMask = 2147483647;
			dstPath = "";
			dstSubfolderSpec = 10;
			files = (
				829991542EF29FD700D2A54E /* ffmpegkit.xcframework in Embed Frameworks */,
				829991592EF29FDA00D2A54E /* libavdevice.xcframework in Embed Frameworks */,
				8299915B2EF29FDB00D2A54E /* libavfilter.xcframework in Embed Frameworks */,
				829991572EF29FD800D2A54E /* libavcodec.xcframework in Embed Frameworks */,
				8299915F2EF29FDE00D2A54E /* libavutil.xcframework in Embed Frameworks */,
				8299915D2EF29FDD00D2A54E /* libavformat.xcframework in Embed Frameworks */,
				829991632EF29FE100D2A54E /* libswscale.xcframework in Embed Frameworks */,
				829991612EF29FE000D2A54E /* libswresample.xcframework in Embed Frameworks */,
			);
			name = "Embed Frameworks";
			runOnlyForDeploymentPostprocessing = 0;
		};
/* End PBXCopyFilesBuildPhase section */

/* Begin PBXFileReference section */
		829990F42EF28DBC00D2A54E /* PocketWhisper.app */ = {isa = PBXFileReference; explicitFileType = wrapper.application; includeInIndex = 0; path = PocketWhisper.app; sourceTree = BUILT_PRODUCTS_DIR; };
		829991012EF28DBE00D2A54E /* PocketWhisperTests.xctest */ = {isa = PBXFileReference; explicitFileType = wrapper.cfbundle; includeInIndex = 0; path = PocketWhisperTests.xctest; sourceTree = BUILT_PRODUCTS_DIR; };
		8299910B2EF28DBE00D2A54E /* PocketWhisperUITests.xctest */ = {isa = PBXFileReference; explicitFileType = wrapper.cfbundle; includeInIndex = 0; path = PocketWhisperUITests.xctest; sourceTree = BUILT_PRODUCTS_DIR; };
		829991432EF29FB400D2A54E /* ffmpegkit.xcframework */ = {isa = PBXFileReference; lastKnownFileType = wrapper.xcframework; path = ffmpegkit.xcframework; sourceTree = "<group>"; };
		829991442EF29FB400D2A54E /* libavcodec.xcframework */ = {isa = PBXFileReference; lastKnownFileType = wrapper.xcframework; path = libavcodec.xcframework; sourceTree = "<group>"; };
		829991452EF29FB400D2A54E /* libavdevice.xcframework */ = {isa = PBXFileReference; lastKnownFileType = wrapper.xcframework; path = libavdevice.xcframework; sourceTree = "<group>"; };
		829991462EF29FB400D2A54E /* libavfilter.xcframework */ = {isa = PBXFileReference; lastKnownFileType = wrapper.xcframework; path = libavfilter.xcframework; sourceTree = "<group>"; };
		829991472EF29FB400D2A54E /* libavformat.xcframework */ = {isa = PBXFileReference; lastKnownFileType = wrapper.xcframework; path = libavformat.xcframework; sourceTree = "<group>"; };
		829991482EF29FB400D2A54E /* libavutil.xcframework */ = {isa = PBXFileReference; lastKnownFileType = wrapper.xcframework; path = libavutil.xcframework; sourceTree = "<group>"; };
		829991492EF29FB400D2A54E /* libswresample.xcframework */ = {isa = PBXFileReference; lastKnownFileType = wrapper.xcframework; path = libswresample.xcframework; sourceTree = "<group>"; };
		8299914A2EF29FB400D2A54E /* libswscale.xcframework */ = {isa = PBXFileReference; lastKnownFileType = wrapper.xcframework; path = libswscale.xcframework; sourceTree = "<group>"; };
/* End PBXFileReference section */

/* Begin PBXFileSystemSynchronizedRootGroup section */
		829990F62EF28DBC00D2A54E /* PocketWhisper */ = {
			isa = PBXFileSystemSynchronizedRootGroup;
			path = PocketWhisper;
			sourceTree = "<group>";
		};
		829991042EF28DBE00D2A54E /* PocketWhisperTests */ = {
			isa = PBXFileSystemSynchronizedRootGroup;
			path = PocketWhisperTests;
			sourceTree = "<group>";
		};
		8299910E2EF28DBE00D2A54E /* PocketWhisperUITests */ = {
			isa = PBXFileSystemSynchronizedRootGroup;
			path = PocketWhisperUITests;
			sourceTree = "<group>";
		};
/* End PBXFileSystemSynchronizedRootGroup section */

/* Begin PBXFrameworksBuildPhase section */
		829990F12EF28DBC00D2A54E /* Frameworks */ = {
			isa = PBXFrameworksBuildPhase;
			buildActionMask = 2147483647;
			files = (
				8299912B2EF290A800D2A54E /* whisper in Frameworks */,
				829991602EF29FE000D2A54E /* libswresample.xcframework in Frameworks */,
				829991562EF29FD800D2A54E /* libavcodec.xcframework in Frameworks */,
				829991532EF29FD700D2A54E /* ffmpegkit.xcframework in Frameworks */,
				829991582EF29FDA00D2A54E /* libavdevice.xcframework in Frameworks */,
				8299915E2EF29FDE00D2A54E /* libavutil.xcframework in Frameworks */,
				8299915A2EF29FDB00D2A54E /* libavfilter.xcframework in Frameworks */,
				829991622EF29FE100D2A54E /* libswscale.xcframework in Frameworks */,
				8299915C2EF29FDD00D2A54E /* libavformat.xcframework in Frameworks */,
			);
			runOnlyForDeploymentPostprocessing = 0;
		};
		829990FE2EF28DBE00D2A54E /* Frameworks */ = {
			isa = PBXFrameworksBuildPhase;
			buildActionMask = 2147483647;
			files = (
			);
			runOnlyForDeploymentPostprocessing = 0;
		};
		829991082EF28DBE00D2A54E /* Frameworks */ = {
			isa = PBXFrameworksBuildPhase;
			buildActionMask = 2147483647;
			files = (
			);
			runOnlyForDeploymentPostprocessing = 0;
		};
/* End PBXFrameworksBuildPhase section */

/* Begin PBXGroup section */
		829990EB2EF28DBB00D2A54E = {
			isa = PBXGroup;
			children = (
				829990F62EF28DBC00D2A54E /* PocketWhisper */,
				829991042EF28DBE00D2A54E /* PocketWhisperTests */,
				8299910E2EF28DBE00D2A54E /* PocketWhisperUITests */,
				829991402EF29F4500D2A54E /* Frameworks */,
				829990F52EF28DBC00D2A54E /* Products */,
			);
			sourceTree = "<group>";
		};
		829990F52EF28DBC00D2A54E /* Products */ = {
			isa = PBXGroup;
			children = (
				829990F42EF28DBC00D2A54E /* PocketWhisper.app */,
				829991012EF28DBE00D2A54E /* PocketWhisperTests.xctest */,
				8299910B2EF28DBE00D2A54E /* PocketWhisperUITests.xctest */,
			);
			name = Products;
			sourceTree = "<group>";
		};
		829991402EF29F4500D2A54E /* Frameworks */ = {
			isa = PBXGroup;
			children = (
				829991432EF29FB400D2A54E /* ffmpegkit.xcframework */,
				829991442EF29FB400D2A54E /* libavcodec.xcframework */,
				829991452EF29FB400D2A54E /* libavdevice.xcframework */,
				829991462EF29FB400D2A54E /* libavfilter.xcframework */,
				829991472EF29FB400D2A54E /* libavformat.xcframework */,
				829991482EF29FB400D2A54E /* libavutil.xcframework */,
				829991492EF29FB400D2A54E /* libswresample.xcframework */,
				8299914A2EF29FB400D2A54E /* libswscale.xcframework */,
			);
			name = Frameworks;
			sourceTree = "<group>";
		};
/* End PBXGroup section */

/* Begin PBXNativeTarget section */
		829990F32EF28DBC00D2A54E /* PocketWhisper */ = {
			isa = PBXNativeTarget;
			buildConfigurationList = 829991152EF28DBE00D2A54E /* Build configuration list for PBXNativeTarget "PocketWhisper" */;
			buildPhases = (
				829990F02EF28DBC00D2A54E /* Sources */,
				829990F12EF28DBC00D2A54E /* Frameworks */,
				829990F22EF28DBC00D2A54E /* Resources */,
				829991552EF29FD700D2A54E /* Embed Frameworks */,
			);
			buildRules = (
			);
			dependencies = (
			);
			fileSystemSynchronizedGroups = (
				829990F62EF28DBC00D2A54E /* PocketWhisper */,
			);
			name = PocketWhisper;
			packageProductDependencies = (
				8299912A2EF290A800D2A54E /* whisper */,
			);
			productName = PocketWhisper;
			productReference = 829990F42EF28DBC00D2A54E /* PocketWhisper.app */;
			productType = "com.apple.product-type.application";
		};
		829991002EF28DBE00D2A54E /* PocketWhisperTests */ = {
			isa = PBXNativeTarget;
			buildConfigurationList = 829991182EF28DBE00D2A54E /* Build configuration list for PBXNativeTarget "PocketWhisperTests" */;
			buildPhases = (
				829990FD2EF28DBE00D2A54E /* Sources */,
				829990FE2EF28DBE00D2A54E /* Frameworks */,
				829990FF2EF28DBE00D2A54E /* Resources */,
			);
			buildRules = (
			);
			dependencies = (
				829991032EF28DBE00D2A54E /* PBXTargetDependency */,
			);
			fileSystemSynchronizedGroups = (
				829991042EF28DBE00D2A54E /* PocketWhisperTests */,
			);
			name = PocketWhisperTests;
			packageProductDependencies = (
			);
			productName = PocketWhisperTests;
			productReference = 829991012EF28DBE00D2A54E /* PocketWhisperTests.xctest */;
			productType = "com.apple.product-type.bundle.unit-test";
		};
		8299910A2EF28DBE00D2A54E /* PocketWhisperUITests */ = {
			isa = PBXNativeTarget;
			buildConfigurationList = 8299911B2EF28DBE00D2A54E /* Build configuration list for PBXNativeTarget "PocketWhisperUITests" */;
			buildPhases = (
				829991072EF28DBE00D2A54E /* Sources */,
				829991082EF28DBE00D2A54E /* Frameworks */,
				829991092EF28DBE00D2A54E /* Resources */,
			);
			buildRules = (
			);
			dependencies = (
				8299910D2EF28DBE00D2A54E /* PBXTargetDependency */,
			);
			fileSystemSynchronizedGroups = (
				8299910E2EF28DBE00D2A54E /* PocketWhisperUITests */,
			);
			name = PocketWhisperUITests;
			packageProductDependencies = (
			);
			productName = PocketWhisperUITests;
			productReference = 8299910B2EF28DBE00D2A54E /* PocketWhisperUITests.xctest */;
			productType = "com.apple.product-type.bundle.ui-testing";
		};
/* End PBXNativeTarget section */

/* Begin PBXProject section */
		829990EC2EF28DBB00D2A54E /* Project object */ = {
			isa = PBXProject;
			attributes = {
				BuildIndependentTargetsInParallel = 1;
				LastSwiftUpdateCheck = 1640;
				LastUpgradeCheck = 1640;
				TargetAttributes = {
					829990F32EF28DBC00D2A54E = {
						CreatedOnToolsVersion = 16.4;
					};
					829991002EF28DBE00D2A54E = {
						CreatedOnToolsVersion = 16.4;
						TestTargetID = 829990F32EF28DBC00D2A54E;
					};
					8299910A2EF28DBE00D2A54E = {
						CreatedOnToolsVersion = 16.4;
						TestTargetID = 829990F32EF28DBC00D2A54E;
					};
				};
			};
			buildConfigurationList = 829990EF2EF28DBB00D2A54E /* Build configuration list for PBXProject "PocketWhisper" */;
			developmentRegion = en;
			hasScannedForEncodings = 0;
			knownRegions = (
				en,
				Base,
			);
			mainGroup = 829990EB2EF28DBB00D2A54E;
			minimizedProjectReferenceProxies = 1;
			packageReferences = (
				829991292EF290A800D2A54E /* XCRemoteSwiftPackageReference "whisper" */,
			);
			preferredProjectObjectVersion = 77;
			productRefGroup = 829990F52EF28DBC00D2A54E /* Products */;
			projectDirPath = "";
			projectRoot = "";
			targets = (
				829990F32EF28DBC00D2A54E /* PocketWhisper */,
				829991002EF28DBE00D2A54E /* PocketWhisperTests */,
				8299910A2EF28DBE00D2A54E /* PocketWhisperUITests */,
			);
		};
/* End PBXProject section */

/* Begin PBXResourcesBuildPhase section */
		829990F22EF28DBC00D2A54E /* Resources */ = {
			isa = PBXResourcesBuildPhase;
			buildActionMask = 2147483647;
			files = (
			);
			runOnlyForDeploymentPostprocessing = 0;
		};
		829990FF2EF28DBE00D2A54E /* Resources */ = {
			isa = PBXResourcesBuildPhase;
			buildActionMask = 2147483647;
			files = (
			);
			runOnlyForDeploymentPostprocessing = 0;
		};
		829991092EF28DBE00D2A54E /* Resources */ = {
			isa = PBXResourcesBuildPhase;
			buildActionMask = 2147483647;
			files = (
			);
			runOnlyForDeploymentPostprocessing = 0;
		};
/* End PBXResourcesBuildPhase section */

/* Begin PBXSourcesBuildPhase section */
		829990F02EF28DBC00D2A54E /* Sources */ = {
			isa = PBXSourcesBuildPhase;
			buildActionMask = 2147483647;
			files = (
			);
			runOnlyForDeploymentPostprocessing = 0;
		};
		829990FD2EF28DBE00D2A54E /* Sources */ = {
			isa = PBXSourcesBuildPhase;
			buildActionMask = 2147483647;
			files = (
			);
			runOnlyForDeploymentPostprocessing = 0;
		};
		829991072EF28DBE00D2A54E /* Sources */ = {
			isa = PBXSourcesBuildPhase;
			buildActionMask = 2147483647;
			files = (
			);
			runOnlyForDeploymentPostprocessing = 0;
		};
/* End PBXSourcesBuildPhase section */

/* Begin PBXTargetDependency section */
		829991032EF28DBE00D2A54E /* PBXTargetDependency */ = {
			isa = PBXTargetDependency;
			target = 829990F32EF28DBC00D2A54E /* PocketWhisper */;
			targetProxy = 829991022EF28DBE00D2A54E /* PBXContainerItemProxy */;
		};
		8299910D2EF28DBE00D2A54E /* PBXTargetDependency */ = {
			isa = PBXTargetDependency;
			target = 829990F32EF28DBC00D2A54E /* PocketWhisper */;
			targetProxy = 8299910C2EF28DBE00D2A54E /* PBXContainerItemProxy */;
		};
/* End PBXTargetDependency section */

/* Begin XCBuildConfiguration section */
		829991132EF28DBE00D2A54E /* Debug */ = {
			isa = XCBuildConfiguration;
			buildSettings = {
				ALWAYS_SEARCH_USER_PATHS = NO;
				ASSETCATALOG_COMPILER_GENERATE_SWIFT_ASSET_SYMBOL_EXTENSIONS = YES;
				CLANG_ANALYZER_NONNULL = YES;
				CLANG_ANALYZER_NUMBER_OBJECT_CONVERSION = YES_AGGRESSIVE;
				CLANG_CXX_LANGUAGE_STANDARD = "gnu++20";
				CLANG_ENABLE_MODULES = YES;
				CLANG_ENABLE_OBJC_ARC = YES;
				CLANG_ENABLE_OBJC_WEAK = YES;
				CLANG_WARN_BLOCK_CAPTURE_AUTORELEASING = YES;
				CLANG_WARN_BOOL_CONVERSION = YES;
				CLANG_WARN_COMMA = YES;
				CLANG_WARN_CONSTANT_CONVERSION = YES;
				CLANG_WARN_DEPRECATED_OBJC_IMPLEMENTATIONS = YES;
				CLANG_WARN_DIRECT_OBJC_ISA_USAGE = YES_ERROR;
				CLANG_WARN_DOCUMENTATION_COMMENTS = YES;
				CLANG_WARN_EMPTY_BODY = YES;
				CLANG_WARN_ENUM_CONVERSION = YES;
				CLANG_WARN_INFINITE_RECURSION = YES;
				CLANG_WARN_INT_CONVERSION = YES;
				CLANG_WARN_NON_LITERAL_NULL_CONVERSION = YES;
				CLANG_WARN_OBJC_IMPLICIT_RETAIN_SELF = YES;
				CLANG_WARN_OBJC_LITERAL_CONVERSION = YES;
				CLANG_WARN_OBJC_ROOT_CLASS = YES_ERROR;
				CLANG_WARN_QUOTED_INCLUDE_IN_FRAMEWORK_HEADER = YES;
				CLANG_WARN_RANGE_LOOP_ANALYSIS = YES;
				CLANG_WARN_STRICT_PROTOTYPES = YES;
				CLANG_WARN_SUSPICIOUS_MOVE = YES;
				CLANG_WARN_UNGUARDED_AVAILABILITY = YES_AGGRESSIVE;
				CLANG_WARN_UNREACHABLE_CODE = YES;
				CLANG_WARN__DUPLICATE_METHOD_MATCH = YES;
				COPY_PHASE_STRIP = NO;
				DEBUG_INFORMATION_FORMAT = dwarf;
				ENABLE_STRICT_OBJC_MSGSEND = YES;
				ENABLE_TESTABILITY = YES;
				ENABLE_USER_SCRIPT_SANDBOXING = YES;
				GCC_C_LANGUAGE_STANDARD = gnu17;
				GCC_DYNAMIC_NO_PIC = NO;
				GCC_NO_COMMON_BLOCKS = YES;
				GCC_OPTIMIZATION_LEVEL = 0;
				GCC_PREPROCESSOR_DEFINITIONS = (
					"DEBUG=1",
					"$(inherited)",
				);
				GCC_WARN_64_TO_32_BIT_CONVERSION = YES;
				GCC_WARN_ABOUT_RETURN_TYPE = YES_ERROR;
				GCC_WARN_UNDECLARED_SELECTOR = YES;
				GCC_WARN_UNINITIALIZED_AUTOS = YES_AGGRESSIVE;
				GCC_WARN_UNUSED_FUNCTION = YES;
				GCC_WARN_UNUSED_VARIABLE = YES;
				IPHONEOS_DEPLOYMENT_TARGET = 15.6;
				LOCALIZATION_PREFERS_STRING_CATALOGS = YES;
				MTL_ENABLE_DEBUG_INFO = INCLUDE_SOURCE;
				MTL_FAST_MATH = YES;
				ONLY_ACTIVE_ARCH = YES;
				SDKROOT = iphoneos;
				SWIFT_ACTIVE_COMPILATION_CONDITIONS = "DEBUG $(inherited)";
				SWIFT_OPTIMIZATION_LEVEL = "-Onone";
			};
			name = Debug;
		};
		829991142EF28DBE00D2A54E /* Release */ = {
			isa = XCBuildConfiguration;
			buildSettings = {
				ALWAYS_SEARCH_USER_PATHS = NO;
				ASSETCATALOG_COMPILER_GENERATE_SWIFT_ASSET_SYMBOL_EXTENSIONS = YES;
				CLANG_ANALYZER_NONNULL = YES;
				CLANG_ANALYZER_NUMBER_OBJECT_CONVERSION = YES_AGGRESSIVE;
				CLANG_CXX_LANGUAGE_STANDARD = "gnu++20";
				CLANG_ENABLE_MODULES = YES;
				CLANG_ENABLE_OBJC_ARC = YES;
				CLANG_ENABLE_OBJC_WEAK = YES;
				CLANG_WARN_BLOCK_CAPTURE_AUTORELEASING = YES;
				CLANG_WARN_BOOL_CONVERSION = YES;
				CLANG_WARN_COMMA = YES;
				CLANG_WARN_CONSTANT_CONVERSION = YES;
				CLANG_WARN_DEPRECATED_OBJC_IMPLEMENTATIONS = YES;
				CLANG_WARN_DIRECT_OBJC_ISA_USAGE = YES_ERROR;
				CLANG_WARN_DOCUMENTATION_COMMENTS = YES;
				CLANG_WARN_EMPTY_BODY = YES;
				CLANG_WARN_ENUM_CONVERSION = YES;
				CLANG_WARN_INFINITE_RECURSION = YES;
				CLANG_WARN_INT_CONVERSION = YES;
				CLANG_WARN_NON_LITERAL_NULL_CONVERSION = YES;
				CLANG_WARN_OBJC_IMPLICIT_RETAIN_SELF = YES;
				CLANG_WARN_OBJC_LITERAL_CONVERSION = YES;
				CLANG_WARN_OBJC_ROOT_CLASS = YES_ERROR;
				CLANG_WARN_QUOTED_INCLUDE_IN_FRAMEWORK_HEADER = YES;
				CLANG_WARN_RANGE_LOOP_ANALYSIS = YES;
				CLANG_WARN_STRICT_PROTOTYPES = YES;
				CLANG_WARN_SUSPICIOUS_MOVE = YES;
				CLANG_WARN_UNGUARDED_AVAILABILITY = YES_AGGRESSIVE;
				CLANG_WARN_UNREACHABLE_CODE = YES;
				CLANG_WARN__DUPLICATE_METHOD_MATCH = YES;
				COPY_PHASE_STRIP = NO;
				DEBUG_INFORMATION_FORMAT = "dwarf-with-dsym";
				ENABLE_NS_ASSERTIONS = NO;
				ENABLE_STRICT_OBJC_MSGSEND = YES;
				ENABLE_USER_SCRIPT_SANDBOXING = YES;
				GCC_C_LANGUAGE_STANDARD = gnu17;
				GCC_NO_COMMON_BLOCKS = YES;
				GCC_WARN_64_TO_32_BIT_CONVERSION = YES;
				GCC_WARN_ABOUT_RETURN_TYPE = YES_ERROR;
				GCC_WARN_UNDECLARED_SELECTOR = YES;
				GCC_WARN_UNINITIALIZED_AUTOS = YES_AGGRESSIVE;
				GCC_WARN_UNUSED_FUNCTION = YES;
				GCC_WARN_UNUSED_VARIABLE = YES;
				IPHONEOS_DEPLOYMENT_TARGET = 15.6;
				LOCALIZATION_PREFERS_STRING_CATALOGS = YES;
				MTL_ENABLE_DEBUG_INFO = NO;
				MTL_FAST_MATH = YES;
				SDKROOT = iphoneos;
				SWIFT_COMPILATION_MODE = wholemodule;
				VALIDATE_PRODUCT = YES;
			};
			name = Release;
		};
		829991162EF28DBE00D2A54E /* Debug */ = {
			isa = XCBuildConfiguration;
			buildSettings = {
				ASSETCATALOG_COMPILER_APPICON_NAME = AppIcon;
				ASSETCATALOG_COMPILER_GLOBAL_ACCENT_COLOR_NAME = AccentColor;
				CODE_SIGN_STYLE = Automatic;
				CURRENT_PROJECT_VERSION = 1;
				DEVELOPMENT_TEAM = 6TQN9US27R;
				ENABLE_PREVIEWS = YES;
				GENERATE_INFOPLIST_FILE = YES;
				INFOPLIST_KEY_NSPhotoLibraryAddUsageDescription = "PocketWhisper needs access to save the subtitled video to your Photos.";
				INFOPLIST_KEY_NSSpeechRecognitionUsageDescription = "Required for audio transcription.";
				INFOPLIST_KEY_UIApplicationSceneManifest_Generation = YES;
				INFOPLIST_KEY_UIApplicationSupportsIndirectInputEvents = YES;
				INFOPLIST_KEY_UILaunchScreen_Generation = YES;
				INFOPLIST_KEY_UISupportedInterfaceOrientations_iPad = "UIInterfaceOrientationPortrait UIInterfaceOrientationPortraitUpsideDown UIInterfaceOrientationLandscapeLeft UIInterfaceOrientationLandscapeRight";
				INFOPLIST_KEY_UISupportedInterfaceOrientations_iPhone = "UIInterfaceOrientationPortrait UIInterfaceOrientationLandscapeLeft UIInterfaceOrientationLandscapeRight";
				IPHONEOS_DEPLOYMENT_TARGET = 17.6;
				LD_RUNPATH_SEARCH_PATHS = (
					"$(inherited)",
					"@executable_path/Frameworks",
				);
				MARKETING_VERSION = 1.0;
				PRODUCT_BUNDLE_IDENTIFIER = com.mathglobal.PocketWhisper;
				PRODUCT_NAME = "$(TARGET_NAME)";
				SWIFT_EMIT_LOC_STRINGS = YES;
				SWIFT_VERSION = 5.0;
				TARGETED_DEVICE_FAMILY = "1,2";
			};
			name = Debug;
		};
		829991172EF28DBE00D2A54E /* Release */ = {
			isa = XCBuildConfiguration;
			buildSettings = {
				ASSETCATALOG_COMPILER_APPICON_NAME = AppIcon;
				ASSETCATALOG_COMPILER_GLOBAL_ACCENT_COLOR_NAME = AccentColor;
				CODE_SIGN_STYLE = Automatic;
				CURRENT_PROJECT_VERSION = 1;
				DEVELOPMENT_TEAM = 6TQN9US27R;
				ENABLE_PREVIEWS = YES;
				GENERATE_INFOPLIST_FILE = YES;
				INFOPLIST_KEY_NSPhotoLibraryAddUsageDescription = "PocketWhisper needs access to save the subtitled video to your Photos.";
				INFOPLIST_KEY_NSSpeechRecognitionUsageDescription = "Required for audio transcription.";
				INFOPLIST_KEY_UIApplicationSceneManifest_Generation = YES;
				INFOPLIST_KEY_UIApplicationSupportsIndirectInputEvents = YES;
				INFOPLIST_KEY_UILaunchScreen_Generation = YES;
				INFOPLIST_KEY_UISupportedInterfaceOrientations_iPad = "UIInterfaceOrientationPortrait UIInterfaceOrientationPortraitUpsideDown UIInterfaceOrientationLandscapeLeft UIInterfaceOrientationLandscapeRight";
				INFOPLIST_KEY_UISupportedInterfaceOrientations_iPhone = "UIInterfaceOrientationPortrait UIInterfaceOrientationLandscapeLeft UIInterfaceOrientationLandscapeRight";
				IPHONEOS_DEPLOYMENT_TARGET = 17.6;
				LD_RUNPATH_SEARCH_PATHS = (
					"$(inherited)",
					"@executable_path/Frameworks",
				);
				MARKETING_VERSION = 1.0;
				PRODUCT_BUNDLE_IDENTIFIER = com.mathglobal.PocketWhisper;
				PRODUCT_NAME = "$(TARGET_NAME)";
				SWIFT_EMIT_LOC_STRINGS = YES;
				SWIFT_VERSION = 5.0;
				TARGETED_DEVICE_FAMILY = "1,2";
			};
			name = Release;
		};
		829991192EF28DBE00D2A54E /* Debug */ = {
			isa = XCBuildConfiguration;
			buildSettings = {
				BUNDLE_LOADER = "$(TEST_HOST)";
				CODE_SIGN_STYLE = Automatic;
				CURRENT_PROJECT_VERSION = 1;
				GENERATE_INFOPLIST_FILE = YES;
				IPHONEOS_DEPLOYMENT_TARGET = 18.5;
				MARKETING_VERSION = 1.0;
				PRODUCT_BUNDLE_IDENTIFIER = com.mathglobal.PocketWhisperTests;
				PRODUCT_NAME = "$(TARGET_NAME)";
				SWIFT_EMIT_LOC_STRINGS = NO;
				SWIFT_VERSION = 5.0;
				TARGETED_DEVICE_FAMILY = "1,2";
				TEST_HOST = "$(BUILT_PRODUCTS_DIR)/PocketWhisper.app/$(BUNDLE_EXECUTABLE_FOLDER_PATH)/PocketWhisper";
			};
			name = Debug;
		};
		8299911A2EF28DBE00D2A54E /* Release */ = {
			isa = XCBuildConfiguration;
			buildSettings = {
				BUNDLE_LOADER = "$(TEST_HOST)";
				CODE_SIGN_STYLE = Automatic;
				CURRENT_PROJECT_VERSION = 1;
				GENERATE_INFOPLIST_FILE = YES;
				IPHONEOS_DEPLOYMENT_TARGET = 18.5;
				MARKETING_VERSION = 1.0;
				PRODUCT_BUNDLE_IDENTIFIER = com.mathglobal.PocketWhisperTests;
				PRODUCT_NAME = "$(TARGET_NAME)";
				SWIFT_EMIT_LOC_STRINGS = NO;
				SWIFT_VERSION = 5.0;
				TARGETED_DEVICE_FAMILY = "1,2";
				TEST_HOST = "$(BUILT_PRODUCTS_DIR)/PocketWhisper.app/$(BUNDLE_EXECUTABLE_FOLDER_PATH)/PocketWhisper";
			};
			name = Release;
		};
		8299911C2EF28DBE00D2A54E /* Debug */ = {
			isa = XCBuildConfiguration;
			buildSettings = {
				CODE_SIGN_STYLE = Automatic;
				CURRENT_PROJECT_VERSION = 1;
				GENERATE_INFOPLIST_FILE = YES;
				MARKETING_VERSION = 1.0;
				PRODUCT_BUNDLE_IDENTIFIER = com.mathglobal.PocketWhisperUITests;
				PRODUCT_NAME = "$(TARGET_NAME)";
				SWIFT_EMIT_LOC_STRINGS = NO;
				SWIFT_VERSION = 5.0;
				TARGETED_DEVICE_FAMILY = "1,2";
				TEST_TARGET_NAME = PocketWhisper;
			};
			name = Debug;
		};
		8299911D2EF28DBE00D2A54E /* Release */ = {
			isa = XCBuildConfiguration;
			buildSettings = {
				CODE_SIGN_STYLE = Automatic;
				CURRENT_PROJECT_VERSION = 1;
				GENERATE_INFOPLIST_FILE = YES;
				MARKETING_VERSION = 1.0;
				PRODUCT_BUNDLE_IDENTIFIER = com.mathglobal.PocketWhisperUITests;
				PRODUCT_NAME = "$(TARGET_NAME)";
				SWIFT_EMIT_LOC_STRINGS = NO;
				SWIFT_VERSION = 5.0;
				TARGETED_DEVICE_FAMILY = "1,2";
				TEST_TARGET_NAME = PocketWhisper;
			};
			name = Release;
		};
/* End XCBuildConfiguration section */

/* Begin XCConfigurationList section */
		829990EF2EF28DBB00D2A54E /* Build configuration list for PBXProject "PocketWhisper" */ = {
			isa = XCConfigurationList;
			buildConfigurations = (
				829991132EF28DBE00D2A54E /* Debug */,
				829991142EF28DBE00D2A54E /* Release */,
			);
			defaultConfigurationIsVisible = 0;
			defaultConfigurationName = Release;
		};
		829991152EF28DBE00D2A54E /* Build configuration list for PBXNativeTarget "PocketWhisper" */ = {
			isa = XCConfigurationList;
			buildConfigurations = (
				829991162EF28DBE00D2A54E /* Debug */,
				829991172EF28DBE00D2A54E /* Release */,
			);
			defaultConfigurationIsVisible = 0;
			defaultConfigurationName = Release;
		};
		829991182EF28DBE00D2A54E /* Build configuration list for PBXNativeTarget "PocketWhisperTests" */ = {
			isa = XCConfigurationList;
			buildConfigurations = (
				829991192EF28DBE00D2A54E /* Debug */,
				8299911A2EF28DBE00D2A54E /* Release */,
			);
			defaultConfigurationIsVisible = 0;
			defaultConfigurationName = Release;
		};
		8299911B2EF28DBE00D2A54E /* Build configuration list for PBXNativeTarget "PocketWhisperUITests" */ = {
			isa = XCConfigurationList;
			buildConfigurations = (
				8299911C2EF28DBE00D2A54E /* Debug */,
				8299911D2EF28DBE00D2A54E /* Release */,
			);
			defaultConfigurationIsVisible = 0;
			defaultConfigurationName = Release;
		};
/* End XCConfigurationList section */

/* Begin XCRemoteSwiftPackageReference section */
		829991292EF290A800D2A54E /* XCRemoteSwiftPackageReference "whisper" */ = {
			isa = XCRemoteSwiftPackageReference;
			repositoryURL = "https://github.com/ggerganov/whisper.spm";
			requirement = {
				branch = master;
				kind = branch;
			};
		};
/* End XCRemoteSwiftPackageReference section */

/* Begin XCSwiftPackageProductDependency section */
		8299912A2EF290A800D2A54E /* whisper */ = {
			isa = XCSwiftPackageProductDependency;
			package = 829991292EF290A800D2A54E /* XCRemoteSwiftPackageReference "whisper" */;
			productName = whisper;
		};
/* End XCSwiftPackageProductDependency section */
	};
	rootObject = 829990EC2EF28DBB00D2A54E /* Project object */;
}
